<Solution>
    <Folder Name="/Solution Items/">
        <File Path=".gitignore" />
        <File Path="compose.yaml" />
        <File Path=".env" />
    </Folder>
    <Folder Name="/src/" />
    <Folder Name="/src/Contracts/">
        <Project Path="src/Contracts/TradingSystem.Contracts.csproj" />
    </Folder>
    
    <Project Path="src\Services\Stock\Stock.csproj" />
    <Project Path="src\Services\Stock.Tests\Stock.Tests.csproj" />
</Solution>
