<Solution>
    <Folder Name="/Solution Items/">
        <File Path=".gitignore" />
        <File Path="compose.yaml" />
        <File Path=".env" />
    </Folder>
    <Folder Name="/src/" />
    <Folder Name="/src/Contracts/">
        <Project Path="src/Contracts/TradingSystem.Contracts.csproj" />
    </Folder>
    
    <Project Path="src\Services\Stock\Stock.csproj" />
    <Folder Name="/src/Services/">
        <Project Path="src/Services/Messaging.Abstractions/Messaging.Abstractions.csproj" />
        <Project Path="src/Services/Messaging.Dapper/Messaging.Dapper.csproj" />
        <Project Path="src/Services/Messaging.EFCore/Messaging.EFCore.csproj" />
        <Project Path="src/Services/Messaging/Messaging.csproj" />
        <Project Path="src/Services/Messaging.Tests/Messaging.Tests.csproj" />
        <Project Path="src/Services/Messaging.IntegrationTests/Messaging.IntegrationTests.csproj" />
    </Folder>
    <Project Path="src\Services\Stock.Tests\Stock.Tests.csproj" />
</Solution>
